
Microsoft Visual Studio Solution File, Format Version 12.00
# Visual Studio Version 17
VisualStudioVersion = 17.3.32901.215
MinimumVisualStudioVersion = 10.0.40219.1
Project("{FAE04EC0-301F-11D3-BF4B-00C04F79EFBC}") = "ATM", "ATM\ATM.csproj", "{3B79FF44-52F1-4458-9047-FBB2158CA533}"
EndProject
Project("{FAE04EC0-301F-11D3-BF4B-00C04F79EFBC}") = "ATMGui", "ATMGui\ATMGui.csproj", "{38129E99-348C-43FF-971E-D07D27452C3E}"
EndProject
Global
	GlobalSection(SolutionConfigurationPlatforms) = preSolution
		Debug|Any CPU = Debug|Any CPU
		Release|Any CPU = Release|Any CPU
	EndGlobalSection
	GlobalSection(ProjectConfigurationPlatforms) = postSolution
		{3B79FF44-52F1-4458-9047-FBB2158CA533}.Debug|Any CPU.ActiveCfg = Debug|Any CPU
		{3B79FF44-52F1-4458-9047-FBB2158CA533}.Debug|Any CPU.Build.0 = Debug|Any CPU
		{3B79FF44-52F1-4458-9047-FBB2158CA533}.Release|Any CPU.ActiveCfg = Release|Any CPU
		{3B79FF44-52F1-4458-9047-FBB2158CA533}.Release|Any CPU.Build.0 = Release|Any CPU
		{38129E99-348C-43FF-971E-D07D27452C3E}.Debug|Any CPU.ActiveCfg = Debug|Any CPU
		{38129E99-348C-43FF-971E-D07D27452C3E}.Debug|Any CPU.Build.0 = Debug|Any CPU
		{38129E99-348C-43FF-971E-D07D27452C3E}.Release|Any CPU.ActiveCfg = Release|Any CPU
		{38129E99-348C-43FF-971E-D07D27452C3E}.Release|Any CPU.Build.0 = Release|Any CPU
	EndGlobalSection
	GlobalSection(SolutionProperties) = preSolution
		HideSolutionNode = FALSE
	EndGlobalSection
	GlobalSection(ExtensibilityGlobals) = postSolution
		SolutionGuid = {CCA14235-A03A-4972-8AD5-C78C7F9097DB}
	EndGlobalSection
EndGlobal
